
Microsoft Visual Studio Solution File, Format Version 12.00
# Visual Studio Version 16
VisualStudioVersion = 16.0.28803.452
MinimumVisualStudioVersion = 10.0.40219.1
Project("{FAE04EC0-301F-11D3-BF4B-00C04F79EFBC}") = "ConsoleApp1", "ConsoleApp1\ConsoleApp1.csproj", "{9F31E0D7-8120-4A6A-9B78-F135AD297E7A}"
EndProject
Project("{FAE04EC0-301F-11D3-BF4B-00C04F79EFBC}") = "Project2", "Project2\Project2.csproj", "{3B586565-AF67-478A-AA06-BC2153D4611A}"
EndProject
Project("{FAE04EC0-301F-11D3-BF4B-00C04F79EFBC}") = "ClassLibrary1", "ClassLibrary1\ClassLibrary1.csproj", "{6FF76F94-19A7-4535-91E5-DD2AF9C4FDDE}"
EndProject
Global
	GlobalSection(SolutionConfigurationPlatforms) = preSolution
		Debug|Any CPU = Debug|Any CPU
		Debug|x64 = Debug|x64
		Debug|x86 = Debug|x86
		Release|Any CPU = Release|Any CPU
		Release|x64 = Release|x64
		Release|x86 = Release|x86
	EndGlobalSection
	GlobalSection(ProjectConfigurationPlatforms) = postSolution
		{9F31E0D7-8120-4A6A-9B78-F135AD297E7A}.Debug|Any CPU.ActiveCfg = Debug|Any CPU
		{9F31E0D7-8120-4A6A-9B78-F135AD297E7A}.Debug|Any CPU.Build.0 = Debug|Any CPU
		{9F31E0D7-8120-4A6A-9B78-F135AD297E7A}.Debug|x64.ActiveCfg = Debug|Any CPU
		{9F31E0D7-8120-4A6A-9B78-F135AD297E7A}.Debug|x64.Build.0 = Debug|Any CPU
		{9F31E0D7-8120-4A6A-9B78-F135AD297E7A}.Debug|x86.ActiveCfg = Debug|Any CPU
		{9F31E0D7-8120-4A6A-9B78-F135AD297E7A}.Debug|x86.Build.0 = Debug|Any CPU
		{9F31E0D7-8120-4A6A-9B78-F135AD297E7A}.Release|Any CPU.ActiveCfg = Release|Any CPU
		{9F31E0D7-8120-4A6A-9B78-F135AD297E7A}.Release|Any CPU.Build.0 = Release|Any CPU
		{9F31E0D7-8120-4A6A-9B78-F135AD297E7A}.Release|x64.ActiveCfg = Release|Any CPU
		{9F31E0D7-8120-4A6A-9B78-F135AD297E7A}.Release|x64.Build.0 = Release|Any CPU
		{9F31E0D7-8120-4A6A-9B78-F135AD297E7A}.Release|x86.ActiveCfg = Release|Any CPU
		{9F31E0D7-8120-4A6A-9B78-F135AD297E7A}.Release|x86.Build.0 = Release|Any CPU
		{3B586565-AF67-478A-AA06-BC2153D4611A}.Debug|Any CPU.ActiveCfg = Debug|Any CPU
		{3B586565-AF67-478A-AA06-BC2153D4611A}.Debug|Any CPU.Build.0 = Debug|Any CPU
		{3B586565-AF67-478A-AA06-BC2153D4611A}.Debug|x64.ActiveCfg = Debug|Any CPU
		{3B586565-AF67-478A-AA06-BC2153D4611A}.Debug|x64.Build.0 = Debug|Any CPU
		{3B586565-AF67-478A-AA06-BC2153D4611A}.Debug|x86.ActiveCfg = Debug|Any CPU
		{3B586565-AF67-478A-AA06-BC2153D4611A}.Debug|x86.Build.0 = Debug|Any CPU
		{3B586565-AF67-478A-AA06-BC2153D4611A}.Release|Any CPU.ActiveCfg = Release|Any CPU
		{3B586565-AF67-478A-AA06-BC2153D4611A}.Release|Any CPU.Build.0 = Release|Any CPU
		{3B586565-AF67-478A-AA06-BC2153D4611A}.Release|x64.ActiveCfg = Release|Any CPU
		{3B586565-AF67-478A-AA06-BC2153D4611A}.Release|x64.Build.0 = Release|Any CPU
		{3B586565-AF67-478A-AA06-BC2153D4611A}.Release|x86.ActiveCfg = Release|Any CPU
		{3B586565-AF67-478A-AA06-BC2153D4611A}.Release|x86.Build.0 = Release|Any CPU
		{6FF76F94-19A7-4535-91E5-DD2AF9C4FDDE}.Debug|Any CPU.ActiveCfg = Debug|Any CPU
		{6FF76F94-19A7-4535-91E5-DD2AF9C4FDDE}.Debug|Any CPU.Build.0 = Debug|Any CPU
		{6FF76F94-19A7-4535-91E5-DD2AF9C4FDDE}.Debug|x64.ActiveCfg = Debug|Any CPU
		{6FF76F94-19A7-4535-91E5-DD2AF9C4FDDE}.Debug|x64.Build.0 = Debug|Any CPU
		{6FF76F94-19A7-4535-91E5-DD2AF9C4FDDE}.Debug|x86.ActiveCfg = Debug|Any CPU
		{6FF76F94-19A7-4535-91E5-DD2AF9C4FDDE}.Debug|x86.Build.0 = Debug|Any CPU
		{6FF76F94-19A7-4535-91E5-DD2AF9C4FDDE}.Release|Any CPU.ActiveCfg = Release|Any CPU
		{6FF76F94-19A7-4535-91E5-DD2AF9C4FDDE}.Release|Any CPU.Build.0 = Release|Any CPU
		{6FF76F94-19A7-4535-91E5-DD2AF9C4FDDE}.Release|x64.ActiveCfg = Release|Any CPU
		{6FF76F94-19A7-4535-91E5-DD2AF9C4FDDE}.Release|x64.Build.0 = Release|Any CPU
		{6FF76F94-19A7-4535-91E5-DD2AF9C4FDDE}.Release|x86.ActiveCfg = Release|Any CPU
		{6FF76F94-19A7-4535-91E5-DD2AF9C4FDDE}.Release|x86.Build.0 = Release|Any CPU
	EndGlobalSection
	GlobalSection(SolutionProperties) = preSolution
		HideSolutionNode = FALSE
	EndGlobalSection
	GlobalSection(ExtensibilityGlobals) = postSolution
		SolutionGuid = {0CF91C19-1B8E-4F4F-8502-BB8C5E7E5EEE}
	EndGlobalSection
EndGlobal
